# This file is automatically @generated by Cargo.
# It is not intended for manual editing.
version = 4

[[package]]
name = "arcane"
version = "0.1.0"
dependencies = [
 "arcane-internal",
]

[[package]]
name = "arcane-app"
version = "0.1.0"

[[package]]
name = "arcane-internal"
version = "0.1.0"
dependencies = [
 "arcane-app",
]
